Microsoft Visual Studio Solution File, Format Version 12.00
# Visual Studio 15
VisualStudioVersion = 15.0.27004.2006
MinimumVisualStudioVersion = 10.0.40219.1
Project("{2150E333-8FDC-42A3-9474-1A3956D46DE8}") = ".paket", ".paket", "{63297B98-5CED-492C-A5B7-A5B4F73CF142}"
	ProjectSection(SolutionItems) = preProject
		paket.dependencies = paket.dependencies
		paket.lock = paket.lock
	EndProjectSection
EndProject
Project("{F2A71F9B-5D33-465A-A702-920D77279786}") = "EnvironmentVariableProvider", "src\EnvironmentVariableProvider\EnvironmentVariableProvider.fsproj", "{10840AF7-6575-4C68-9750-AF5B075D3C22}"
EndProject
Project("{2150E333-8FDC-42A3-9474-1A3956D46DE8}") = "project", "project", "{BF60BC93-E09B-4E5F-9D85-95A519479D54}"
	ProjectSection(SolutionItems) = preProject
		build.fsx = build.fsx
		README.md = README.md
		RELEASE_NOTES.md = RELEASE_NOTES.md
	EndProjectSection
EndProject
Global
	GlobalSection(SolutionConfigurationPlatforms) = preSolution
		Debug|Any CPU = Debug|Any CPU
		Release|Any CPU = Release|Any CPU
	EndGlobalSection
	GlobalSection(ProjectConfigurationPlatforms) = postSolution
		{10840AF7-6575-4C68-9750-AF5B075D3C22}.Debug|Any CPU.ActiveCfg = Debug|Any CPU
		{10840AF7-6575-4C68-9750-AF5B075D3C22}.Debug|Any CPU.Build.0 = Debug|Any CPU
		{10840AF7-6575-4C68-9750-AF5B075D3C22}.Release|Any CPU.ActiveCfg = Release|Any CPU
		{10840AF7-6575-4C68-9750-AF5B075D3C22}.Release|Any CPU.Build.0 = Release|Any CPU
	EndGlobalSection
	GlobalSection(SolutionProperties) = preSolution
		HideSolutionNode = FALSE
	EndGlobalSection
	GlobalSection(ExtensibilityGlobals) = postSolution
		SolutionGuid = {077EFA5B-48C8-4646-B189-32AE05D75DDC}
	EndGlobalSection
EndGlobal
